
Microsoft Visual Studio Solution File, Format Version 12.00
# Visual Studio Version 17
VisualStudioVersion = 17.1.32328.378
MinimumVisualStudioVersion = 10.0.40219.1
Project("{9A19103F-16F7-4668-BE54-9A1E7A4F7556}") = "04_04_2002", "04_04_2002\04_04_2002.csproj", "{B141B1CE-48E0-4496-ABAB-B405D7E78E4E}"
EndProject
Project("{2150E333-8FDC-42A3-9474-1A3956D46DE8}") = "05_04_2022", "05_04_2022", "{078627C1-CA0B-4D9E-A08B-23BEA1E3F216}"
EndProject
Project("{9A19103F-16F7-4668-BE54-9A1E7A4F7556}") = "05_04_2022", "05_05_2022\05_04_2022.csproj", "{1E06117C-C24F-4C5B-8D63-2EDB58CF95B8}"
EndProject
Project("{9A19103F-16F7-4668-BE54-9A1E7A4F7556}") = "06_04_2022", "06_06_2022\06_04_2022.csproj", "{56D2A6AA-CA01-4F99-967C-37E4BEF9C1FB}"
EndProject
Project("{2150E333-8FDC-42A3-9474-1A3956D46DE8}") = "04_04_2022", "04_04_2022", "{644FA5BA-D3F4-4130-9518-0B0AC786FD42}"
EndProject
Project("{2150E333-8FDC-42A3-9474-1A3956D46DE8}") = "06_04_2022", "06_04_2022", "{71B09181-353C-412F-AA38-74EA4F76B600}"
EndProject
Project("{2150E333-8FDC-42A3-9474-1A3956D46DE8}") = "07_04_2022", "07_04_2022", "{F146ED6D-94EF-49EB-B0F4-F8868A7D8361}"
EndProject
Project("{9A19103F-16F7-4668-BE54-9A1E7A4F7556}") = "07_04_2022", "07_04_2022\07_04_2022.csproj", "{873D9665-2608-4B50-A14B-698DAD26DE83}"
EndProject
Project("{2150E333-8FDC-42A3-9474-1A3956D46DE8}") = "08_04_2022", "08_04_2022", "{011172F0-9375-4A39-A844-F0D4E258C7C6}"
EndProject
Project("{9A19103F-16F7-4668-BE54-9A1E7A4F7556}") = "08_04_2022", "08_04_2022\08_04_2022.csproj", "{BF735E20-F107-4760-964E-2AFF4B2BC66D}"
EndProject
Project("{2150E333-8FDC-42A3-9474-1A3956D46DE8}") = "09_04_2022", "09_04_2022", "{7D4AEF6D-D40A-4414-A442-F4EE77E19FB5}"
EndProject
Project("{2150E333-8FDC-42A3-9474-1A3956D46DE8}") = "11_04_2022", "11_04_2022", "{A4835CD8-A4EE-4D32-8847-5A26BE40467D}"
EndProject
Project("{9A19103F-16F7-4668-BE54-9A1E7A4F7556}") = "11_04_2022", "11_04_2022\11_04_2022.csproj", "{6D8ABA9B-1413-4D61-B9A2-97F3FA3E14C1}"
EndProject
Project("{2150E333-8FDC-42A3-9474-1A3956D46DE8}") = "12_04_2022", "12_04_2022", "{E3547905-CB4B-4C57-802D-C8031E0FF8F6}"
EndProject
Project("{FAE04EC0-301F-11D3-BF4B-00C04F79EFBC}") = "2_12_04_2022", "2_12_04_2022\2_12_04_2022.csproj", "{81D610E0-2C0C-47B1-85B6-7CD1A84B6C38}"
EndProject
Project("{2150E333-8FDC-42A3-9474-1A3956D46DE8}") = "13_04_2022", "13_04_2022", "{C38C29F9-3B8F-4003-8086-BA315EEED1C3}"
EndProject
Project("{FAE04EC0-301F-11D3-BF4B-00C04F79EFBC}") = "13_04_2022_", "13_04_2022_\13_04_2022_.csproj", "{DCBCBE5A-7974-4FA8-B522-C6649E74A50C}"
EndProject
Project("{2150E333-8FDC-42A3-9474-1A3956D46DE8}") = "14_04_2022", "14_04_2022", "{F079C019-B6BC-4423-9604-A50EDFAA9FDD}"
EndProject
Project("{9A19103F-16F7-4668-BE54-9A1E7A4F7556}") = "09_04_2022_", "09_04_2022_\09_04_2022_.csproj", "{F9E39D04-C63A-43A0-B288-E9B3E9B82A57}"
EndProject
Project("{FAE04EC0-301F-11D3-BF4B-00C04F79EFBC}") = "14_04_2022", "14_04_2022\14_04_2022.csproj", "{80EB7667-407F-4C3B-8E47-BCFD5D23820B}"
EndProject
Project("{2150E333-8FDC-42A3-9474-1A3956D46DE8}") = "15_04_2022", "15_04_2022", "{2DE2D80D-9A0B-4E85-948E-2D44DEF7E7D3}"
EndProject
Project("{FAE04EC0-301F-11D3-BF4B-00C04F79EFBC}") = "15_04_2022", "15_04_2022\15_04_2022.csproj", "{705162B4-AE61-4BE2-9D4B-DA148E5874C4}"
EndProject
Project("{2150E333-8FDC-42A3-9474-1A3956D46DE8}") = "16_04_2022", "16_04_2022", "{D383FF0C-3129-45FE-A107-78C197A494DC}"
EndProject
Project("{FAE04EC0-301F-11D3-BF4B-00C04F79EFBC}") = "16_04_2022", "16_04_2022\16_04_2022.csproj", "{7109CEBB-F40F-4E4B-8FFF-04CD5A2DB55D}"
EndProject
Global
	GlobalSection(SolutionConfigurationPlatforms) = preSolution
		Debug|Any CPU = Debug|Any CPU
		Release|Any CPU = Release|Any CPU
	EndGlobalSection
	GlobalSection(ProjectConfigurationPlatforms) = postSolution
		{B141B1CE-48E0-4496-ABAB-B405D7E78E4E}.Debug|Any CPU.ActiveCfg = Debug|Any CPU
		{B141B1CE-48E0-4496-ABAB-B405D7E78E4E}.Debug|Any CPU.Build.0 = Debug|Any CPU
		{B141B1CE-48E0-4496-ABAB-B405D7E78E4E}.Release|Any CPU.ActiveCfg = Release|Any CPU
		{B141B1CE-48E0-4496-ABAB-B405D7E78E4E}.Release|Any CPU.Build.0 = Release|Any CPU
		{1E06117C-C24F-4C5B-8D63-2EDB58CF95B8}.Debug|Any CPU.ActiveCfg = Debug|Any CPU
		{1E06117C-C24F-4C5B-8D63-2EDB58CF95B8}.Debug|Any CPU.Build.0 = Debug|Any CPU
		{1E06117C-C24F-4C5B-8D63-2EDB58CF95B8}.Release|Any CPU.ActiveCfg = Release|Any CPU
		{1E06117C-C24F-4C5B-8D63-2EDB58CF95B8}.Release|Any CPU.Build.0 = Release|Any CPU
		{56D2A6AA-CA01-4F99-967C-37E4BEF9C1FB}.Debug|Any CPU.ActiveCfg = Debug|Any CPU
		{56D2A6AA-CA01-4F99-967C-37E4BEF9C1FB}.Debug|Any CPU.Build.0 = Debug|Any CPU
		{56D2A6AA-CA01-4F99-967C-37E4BEF9C1FB}.Release|Any CPU.ActiveCfg = Release|Any CPU
		{56D2A6AA-CA01-4F99-967C-37E4BEF9C1FB}.Release|Any CPU.Build.0 = Release|Any CPU
		{873D9665-2608-4B50-A14B-698DAD26DE83}.Debug|Any CPU.ActiveCfg = Debug|Any CPU
		{873D9665-2608-4B50-A14B-698DAD26DE83}.Debug|Any CPU.Build.0 = Debug|Any CPU
		{873D9665-2608-4B50-A14B-698DAD26DE83}.Release|Any CPU.ActiveCfg = Release|Any CPU
		{873D9665-2608-4B50-A14B-698DAD26DE83}.Release|Any CPU.Build.0 = Release|Any CPU
		{BF735E20-F107-4760-964E-2AFF4B2BC66D}.Debug|Any CPU.ActiveCfg = Debug|Any CPU
		{BF735E20-F107-4760-964E-2AFF4B2BC66D}.Debug|Any CPU.Build.0 = Debug|Any CPU
		{BF735E20-F107-4760-964E-2AFF4B2BC66D}.Release|Any CPU.ActiveCfg = Release|Any CPU
		{BF735E20-F107-4760-964E-2AFF4B2BC66D}.Release|Any CPU.Build.0 = Release|Any CPU
		{6D8ABA9B-1413-4D61-B9A2-97F3FA3E14C1}.Debug|Any CPU.ActiveCfg = Debug|Any CPU
		{6D8ABA9B-1413-4D61-B9A2-97F3FA3E14C1}.Debug|Any CPU.Build.0 = Debug|Any CPU
		{6D8ABA9B-1413-4D61-B9A2-97F3FA3E14C1}.Release|Any CPU.ActiveCfg = Release|Any CPU
		{6D8ABA9B-1413-4D61-B9A2-97F3FA3E14C1}.Release|Any CPU.Build.0 = Release|Any CPU
		{81D610E0-2C0C-47B1-85B6-7CD1A84B6C38}.Debug|Any CPU.ActiveCfg = Debug|Any CPU
		{81D610E0-2C0C-47B1-85B6-7CD1A84B6C38}.Debug|Any CPU.Build.0 = Debug|Any CPU
		{81D610E0-2C0C-47B1-85B6-7CD1A84B6C38}.Release|Any CPU.ActiveCfg = Release|Any CPU
		{81D610E0-2C0C-47B1-85B6-7CD1A84B6C38}.Release|Any CPU.Build.0 = Release|Any CPU
		{DCBCBE5A-7974-4FA8-B522-C6649E74A50C}.Debug|Any CPU.ActiveCfg = Debug|Any CPU
		{DCBCBE5A-7974-4FA8-B522-C6649E74A50C}.Debug|Any CPU.Build.0 = Debug|Any CPU
		{DCBCBE5A-7974-4FA8-B522-C6649E74A50C}.Release|Any CPU.ActiveCfg = Release|Any CPU
		{DCBCBE5A-7974-4FA8-B522-C6649E74A50C}.Release|Any CPU.Build.0 = Release|Any CPU
		{F9E39D04-C63A-43A0-B288-E9B3E9B82A57}.Debug|Any CPU.ActiveCfg = Debug|Any CPU
		{F9E39D04-C63A-43A0-B288-E9B3E9B82A57}.Debug|Any CPU.Build.0 = Debug|Any CPU
		{F9E39D04-C63A-43A0-B288-E9B3E9B82A57}.Release|Any CPU.ActiveCfg = Release|Any CPU
		{F9E39D04-C63A-43A0-B288-E9B3E9B82A57}.Release|Any CPU.Build.0 = Release|Any CPU
		{80EB7667-407F-4C3B-8E47-BCFD5D23820B}.Debug|Any CPU.ActiveCfg = Debug|Any CPU
		{80EB7667-407F-4C3B-8E47-BCFD5D23820B}.Debug|Any CPU.Build.0 = Debug|Any CPU
		{80EB7667-407F-4C3B-8E47-BCFD5D23820B}.Release|Any CPU.ActiveCfg = Release|Any CPU
		{80EB7667-407F-4C3B-8E47-BCFD5D23820B}.Release|Any CPU.Build.0 = Release|Any CPU
		{705162B4-AE61-4BE2-9D4B-DA148E5874C4}.Debug|Any CPU.ActiveCfg = Debug|Any CPU
		{705162B4-AE61-4BE2-9D4B-DA148E5874C4}.Debug|Any CPU.Build.0 = Debug|Any CPU
		{705162B4-AE61-4BE2-9D4B-DA148E5874C4}.Release|Any CPU.ActiveCfg = Release|Any CPU
		{705162B4-AE61-4BE2-9D4B-DA148E5874C4}.Release|Any CPU.Build.0 = Release|Any CPU
		{7109CEBB-F40F-4E4B-8FFF-04CD5A2DB55D}.Debug|Any CPU.ActiveCfg = Debug|Any CPU
		{7109CEBB-F40F-4E4B-8FFF-04CD5A2DB55D}.Debug|Any CPU.Build.0 = Debug|Any CPU
		{7109CEBB-F40F-4E4B-8FFF-04CD5A2DB55D}.Release|Any CPU.ActiveCfg = Release|Any CPU
		{7109CEBB-F40F-4E4B-8FFF-04CD5A2DB55D}.Release|Any CPU.Build.0 = Release|Any CPU
	EndGlobalSection
	GlobalSection(SolutionProperties) = preSolution
		HideSolutionNode = FALSE
	EndGlobalSection
	GlobalSection(NestedProjects) = preSolution
		{B141B1CE-48E0-4496-ABAB-B405D7E78E4E} = {644FA5BA-D3F4-4130-9518-0B0AC786FD42}
		{1E06117C-C24F-4C5B-8D63-2EDB58CF95B8} = {078627C1-CA0B-4D9E-A08B-23BEA1E3F216}
		{56D2A6AA-CA01-4F99-967C-37E4BEF9C1FB} = {71B09181-353C-412F-AA38-74EA4F76B600}
		{873D9665-2608-4B50-A14B-698DAD26DE83} = {F146ED6D-94EF-49EB-B0F4-F8868A7D8361}
		{BF735E20-F107-4760-964E-2AFF4B2BC66D} = {011172F0-9375-4A39-A844-F0D4E258C7C6}
		{6D8ABA9B-1413-4D61-B9A2-97F3FA3E14C1} = {A4835CD8-A4EE-4D32-8847-5A26BE40467D}
		{81D610E0-2C0C-47B1-85B6-7CD1A84B6C38} = {E3547905-CB4B-4C57-802D-C8031E0FF8F6}
		{DCBCBE5A-7974-4FA8-B522-C6649E74A50C} = {C38C29F9-3B8F-4003-8086-BA315EEED1C3}
		{F9E39D04-C63A-43A0-B288-E9B3E9B82A57} = {7D4AEF6D-D40A-4414-A442-F4EE77E19FB5}
		{80EB7667-407F-4C3B-8E47-BCFD5D23820B} = {F079C019-B6BC-4423-9604-A50EDFAA9FDD}
		{705162B4-AE61-4BE2-9D4B-DA148E5874C4} = {2DE2D80D-9A0B-4E85-948E-2D44DEF7E7D3}
		{7109CEBB-F40F-4E4B-8FFF-04CD5A2DB55D} = {D383FF0C-3129-45FE-A107-78C197A494DC}
	EndGlobalSection
	GlobalSection(ExtensibilityGlobals) = postSolution
		SolutionGuid = {763936BE-B330-482F-854A-BB2136B7FA51}
	EndGlobalSection
EndGlobal
