
Microsoft Visual Studio Solution File, Format Version 12.00
# Visual Studio Version 16
VisualStudioVersion = 16.0.31613.86
MinimumVisualStudioVersion = 10.0.40219.1
Project("{FAE04EC0-301F-11D3-BF4B-00C04F79EFBC}") = "04_04_2002", "04_04_2002\04_04_2002.csproj", "{B141B1CE-48E0-4496-ABAB-B405D7E78E4E}"
EndProject
Global
	GlobalSection(SolutionConfigurationPlatforms) = preSolution
		Debug|Any CPU = Debug|Any CPU
		Release|Any CPU = Release|Any CPU
	EndGlobalSection
	GlobalSection(ProjectConfigurationPlatforms) = postSolution
		{B141B1CE-48E0-4496-ABAB-B405D7E78E4E}.Debug|Any CPU.ActiveCfg = Debug|Any CPU
		{B141B1CE-48E0-4496-ABAB-B405D7E78E4E}.Debug|Any CPU.Build.0 = Debug|Any CPU
		{B141B1CE-48E0-4496-ABAB-B405D7E78E4E}.Release|Any CPU.ActiveCfg = Release|Any CPU
		{B141B1CE-48E0-4496-ABAB-B405D7E78E4E}.Release|Any CPU.Build.0 = Release|Any CPU
	EndGlobalSection
	GlobalSection(SolutionProperties) = preSolution
		HideSolutionNode = FALSE
	EndGlobalSection
	GlobalSection(ExtensibilityGlobals) = postSolution
		SolutionGuid = {763936BE-B330-482F-854A-BB2136B7FA51}
	EndGlobalSection
EndGlobal
